
Microsoft Visual Studio Solution File, Format Version 12.00
# Visual Studio Version 17
VisualStudioVersion = 17.0.31903.59
MinimumVisualStudioVersion = 10.0.40219.1
Project("{2150E333-8FDC-42A3-9474-1A3956D46DE8}") = "Solution Items", "Solution Items", "{CDEB26EA-03FC-4362-AF55-F41300430B6B}"
	ProjectSection(SolutionItems) = preProject
		.editorconfig = .editorconfig
		.gitignore = .gitignore
		Nuget.config = Nuget.config
		nuget.exe = nuget.exe
		Pack.bat = Pack.bat
	EndProjectSection
EndProject
Project("{2150E333-8FDC-42A3-9474-1A3956D46DE8}") = "01.Core", "01.Core", "{024A8AC5-F89F-424B-8304-BF974AA6DE8B}"
EndProject
Project("{2150E333-8FDC-42A3-9474-1A3956D46DE8}") = "02.Modules", "02.Modules", "{6762AC6C-3407-4B95-9FEF-CB781BE6DF91}"
EndProject
Project("{2150E333-8FDC-42A3-9474-1A3956D46DE8}") = "01.Core Modules", "01.Core Modules", "{0BCB3164-5142-43D0-81E7-ACF01ED017B8}"
EndProject
Project("{9A19103F-16F7-4668-BE54-9A1E7A4F7556}") = "Teram.GlobalConfiguration", "01.Core\Teram.GlobalConfiguration\Teram.GlobalConfiguration.csproj", "{9444BCFC-0E58-4998-9A8C-AB6CF34784CC}"
EndProject
Project("{9A19103F-16F7-4668-BE54-9A1E7A4F7556}") = "Teram.Web", "Teram.Web\Teram.Web.csproj", "{D6A75C7D-51A3-44BF-B517-122BF5B8994F}"
EndProject
Project("{9A19103F-16F7-4668-BE54-9A1E7A4F7556}") = "Teram.DataAccessLayer", "01.Core\Teram.DataAccessLayer\Teram.DataAccessLayer.csproj", "{F675F239-3CC7-4165-AD6A-223538AE3E2D}"
EndProject
Project("{2150E333-8FDC-42A3-9474-1A3956D46DE8}") = "02.App Modules", "02.App Modules", "{24B5A69A-1EC4-4C3F-9707-6F7B483440AF}"
EndProject
Project("{9A19103F-16F7-4668-BE54-9A1E7A4F7556}") = "Teram.Module.Authentication", "02.Modules\01.Core Modules\Teram.Module.Authentication\Teram.Module.Authentication.csproj", "{9C71627A-2BF7-4241-9034-7186B0ACA44E}"
EndProject
Project("{2150E333-8FDC-42A3-9474-1A3956D46DE8}") = "HR", "HR", "{C20643B0-19BD-4F3A-8A4E-2735167F2470}"
EndProject
Project("{9A19103F-16F7-4668-BE54-9A1E7A4F7556}") = "Teram.Module.AttachmentsManagement", "02.Modules\01.Core Modules\Teram.Module.AttachmentsManagement\Teram.Module.AttachmentsManagement.csproj", "{3A1FDD73-7BFD-4B28-8AC0-DD2317942D30}"
EndProject
Project("{9A19103F-16F7-4668-BE54-9A1E7A4F7556}") = "Teram.Module.FileUploader", "02.Modules\01.Core Modules\Teram.Module.FileUploader\Teram.Module.FileUploader.csproj", "{DD7A6038-80C1-4614-8EA9-E88C16672028}"
EndProject
Project("{9A19103F-16F7-4668-BE54-9A1E7A4F7556}") = "Teram.Module.GeographicRegion", "02.Modules\01.Core Modules\Teram.Module.GeographicRegion\Teram.Module.GeographicRegion.csproj", "{2503F0D1-1648-42ED-BC97-2CF8F12A9258}"
EndProject
Project("{9A19103F-16F7-4668-BE54-9A1E7A4F7556}") = "Teram.Module.SmsSender", "02.Modules\01.Core Modules\Teram.Module.SmsSender\Teram.Module.SmsSender.csproj", "{A80C55E8-5661-453E-B4CB-1FF1B4DD0BA8}"
EndProject
Project("{2150E333-8FDC-42A3-9474-1A3956D46DE8}") = "QC", "QC", "{936088AA-6144-49DD-A3D0-4C14B184C8CE}"
EndProject
Project("{9A19103F-16F7-4668-BE54-9A1E7A4F7556}") = "Teram.HR.Module.Assets", "02.Modules\02.App Modules\HR\Teram.HR.Module.Assets\Teram.HR.Module.Assets.csproj", "{9C00FECC-038B-4698-B00D-3E584E8C45DA}"
EndProject
Project("{9A19103F-16F7-4668-BE54-9A1E7A4F7556}") = "Teram.HR.Module.Recruitment", "02.Modules\02.App Modules\HR\Teram.HR.Module.Recruitment\Teram.HR.Module.Recruitment.csproj", "{FAB41D42-64D1-4771-AA2D-3F92B00B3DD8}"
EndProject
Project("{2150E333-8FDC-42A3-9474-1A3956D46DE8}") = "Shared", "Shared", "{59D854E1-8539-446C-967B-BA15F2F85BBE}"
EndProject
Project("{9A19103F-16F7-4668-BE54-9A1E7A4F7556}") = "ModuleSharedContracts", "02.Modules\02.App Modules\Shared\ModuleSharedContracts\ModuleSharedContracts.csproj", "{1BCC0B33-219E-4E06-BA24-07CCD3506F50}"
EndProject
Project("{9A19103F-16F7-4668-BE54-9A1E7A4F7556}") = "Teram.QC.Module.IncomingGoods", "02.Modules\02.App Modules\QC\Teram.QC.Module.IncomingGoods\Teram.QC.Module.IncomingGoods.csproj", "{BC78D435-3EF0-4B2C-A480-47E7B9B72CC5}"
EndProject
Project("{2150E333-8FDC-42A3-9474-1A3956D46DE8}") = "IT", "IT", "{350DB7EB-E48C-447E-8410-2F467539E342}"
EndProject
Project("{9A19103F-16F7-4668-BE54-9A1E7A4F7556}") = "Teram.IT.Module.BackupManagement", "02.Modules\02.App Modules\IT\Teram.IT.Module.BackupManagement\Teram.IT.Module.BackupManagement.csproj", "{65337E7A-5E77-4C03-8B6A-438B49EDAF1C}"
EndProject
Project("{9A19103F-16F7-4668-BE54-9A1E7A4F7556}") = "Teram.Module.EmailSender", "02.Modules\01.Core Modules\Teram.Module.EmailSender\Teram.Module.EmailSender.csproj", "{B6B4C0BA-C273-458F-85CE-312518F21BEA}"
EndProject
Project("{9A19103F-16F7-4668-BE54-9A1E7A4F7556}") = "Teram.IT.Module.ActiveDirectory", "02.Modules\02.App Modules\IT\Teram.IT.Module.ActiveDirectory\Teram.IT.Module.ActiveDirectory.csproj", "{18BBF3E2-98E5-4ABC-8EE4-F49201AC65D1}"
EndProject
Project("{9A19103F-16F7-4668-BE54-9A1E7A4F7556}") = "Teram.HR.Module.TicketRegister", "02.Modules\02.App Modules\HR\Teram.HR.Module.TicketRegister\Teram.HR.Module.TicketRegister.csproj", "{50E60A12-EDAC-4CB2-8FFF-891556F14768}"
EndProject
Project("{9A19103F-16F7-4668-BE54-9A1E7A4F7556}") = "Teram.IT.Module.Employee", "02.Modules\02.App Modules\IT\Teram.IT.Module.Employee\Teram.IT.Module.Employee.csproj", "{88EDD470-1F57-4FE9-9A67-CFB1837E4814}"
EndProject
Project("{9A19103F-16F7-4668-BE54-9A1E7A4F7556}") = "Teram.QC.Module.FinalProduct", "02.Modules\02.App Modules\QC\Teram.QC.Module.FinalProduct\Teram.QC.Module.FinalProduct.csproj", "{5FA52C5B-44FD-432B-B3B1-AF9BCA30F276}"
EndProject
Project("{FAE04EC0-301F-11D3-BF4B-00C04F79EFBC}") = "Teram.HR.Module.OC", "02.Modules\02.App Modules\HR\Teram.HR.Module.OC\Teram.HR.Module.OC.csproj", "{DC061B80-3C58-46C3-B2F5-1AC99008ADC7}"
EndProject
Global
	GlobalSection(SolutionConfigurationPlatforms) = preSolution
		Debug|Any CPU = Debug|Any CPU
		Release|Any CPU = Release|Any CPU
	EndGlobalSection
	GlobalSection(ProjectConfigurationPlatforms) = postSolution
		{9444BCFC-0E58-4998-9A8C-AB6CF34784CC}.Debug|Any CPU.ActiveCfg = Debug|Any CPU
		{9444BCFC-0E58-4998-9A8C-AB6CF34784CC}.Debug|Any CPU.Build.0 = Debug|Any CPU
		{9444BCFC-0E58-4998-9A8C-AB6CF34784CC}.Release|Any CPU.ActiveCfg = Release|Any CPU
		{9444BCFC-0E58-4998-9A8C-AB6CF34784CC}.Release|Any CPU.Build.0 = Release|Any CPU
		{D6A75C7D-51A3-44BF-B517-122BF5B8994F}.Debug|Any CPU.ActiveCfg = Debug|Any CPU
		{D6A75C7D-51A3-44BF-B517-122BF5B8994F}.Debug|Any CPU.Build.0 = Debug|Any CPU
		{D6A75C7D-51A3-44BF-B517-122BF5B8994F}.Release|Any CPU.ActiveCfg = Release|Any CPU
		{D6A75C7D-51A3-44BF-B517-122BF5B8994F}.Release|Any CPU.Build.0 = Release|Any CPU
		{F675F239-3CC7-4165-AD6A-223538AE3E2D}.Debug|Any CPU.ActiveCfg = Debug|Any CPU
		{F675F239-3CC7-4165-AD6A-223538AE3E2D}.Debug|Any CPU.Build.0 = Debug|Any CPU
		{F675F239-3CC7-4165-AD6A-223538AE3E2D}.Release|Any CPU.ActiveCfg = Release|Any CPU
		{F675F239-3CC7-4165-AD6A-223538AE3E2D}.Release|Any CPU.Build.0 = Release|Any CPU
		{9C71627A-2BF7-4241-9034-7186B0ACA44E}.Debug|Any CPU.ActiveCfg = Debug|Any CPU
		{9C71627A-2BF7-4241-9034-7186B0ACA44E}.Debug|Any CPU.Build.0 = Debug|Any CPU
		{9C71627A-2BF7-4241-9034-7186B0ACA44E}.Release|Any CPU.ActiveCfg = Release|Any CPU
		{9C71627A-2BF7-4241-9034-7186B0ACA44E}.Release|Any CPU.Build.0 = Release|Any CPU
		{3A1FDD73-7BFD-4B28-8AC0-DD2317942D30}.Debug|Any CPU.ActiveCfg = Debug|Any CPU
		{3A1FDD73-7BFD-4B28-8AC0-DD2317942D30}.Debug|Any CPU.Build.0 = Debug|Any CPU
		{3A1FDD73-7BFD-4B28-8AC0-DD2317942D30}.Release|Any CPU.ActiveCfg = Release|Any CPU
		{3A1FDD73-7BFD-4B28-8AC0-DD2317942D30}.Release|Any CPU.Build.0 = Release|Any CPU
		{DD7A6038-80C1-4614-8EA9-E88C16672028}.Debug|Any CPU.ActiveCfg = Debug|Any CPU
		{DD7A6038-80C1-4614-8EA9-E88C16672028}.Debug|Any CPU.Build.0 = Debug|Any CPU
		{DD7A6038-80C1-4614-8EA9-E88C16672028}.Release|Any CPU.ActiveCfg = Release|Any CPU
		{DD7A6038-80C1-4614-8EA9-E88C16672028}.Release|Any CPU.Build.0 = Release|Any CPU
		{2503F0D1-1648-42ED-BC97-2CF8F12A9258}.Debug|Any CPU.ActiveCfg = Debug|Any CPU
		{2503F0D1-1648-42ED-BC97-2CF8F12A9258}.Debug|Any CPU.Build.0 = Debug|Any CPU
		{2503F0D1-1648-42ED-BC97-2CF8F12A9258}.Release|Any CPU.ActiveCfg = Release|Any CPU
		{2503F0D1-1648-42ED-BC97-2CF8F12A9258}.Release|Any CPU.Build.0 = Release|Any CPU
		{A80C55E8-5661-453E-B4CB-1FF1B4DD0BA8}.Debug|Any CPU.ActiveCfg = Debug|Any CPU
		{A80C55E8-5661-453E-B4CB-1FF1B4DD0BA8}.Debug|Any CPU.Build.0 = Debug|Any CPU
		{A80C55E8-5661-453E-B4CB-1FF1B4DD0BA8}.Release|Any CPU.ActiveCfg = Release|Any CPU
		{A80C55E8-5661-453E-B4CB-1FF1B4DD0BA8}.Release|Any CPU.Build.0 = Release|Any CPU
		{9C00FECC-038B-4698-B00D-3E584E8C45DA}.Debug|Any CPU.ActiveCfg = Debug|Any CPU
		{9C00FECC-038B-4698-B00D-3E584E8C45DA}.Debug|Any CPU.Build.0 = Debug|Any CPU
		{9C00FECC-038B-4698-B00D-3E584E8C45DA}.Release|Any CPU.ActiveCfg = Release|Any CPU
		{9C00FECC-038B-4698-B00D-3E584E8C45DA}.Release|Any CPU.Build.0 = Release|Any CPU
		{FAB41D42-64D1-4771-AA2D-3F92B00B3DD8}.Debug|Any CPU.ActiveCfg = Debug|Any CPU
		{FAB41D42-64D1-4771-AA2D-3F92B00B3DD8}.Debug|Any CPU.Build.0 = Debug|Any CPU
		{FAB41D42-64D1-4771-AA2D-3F92B00B3DD8}.Release|Any CPU.ActiveCfg = Release|Any CPU
		{FAB41D42-64D1-4771-AA2D-3F92B00B3DD8}.Release|Any CPU.Build.0 = Release|Any CPU
		{1BCC0B33-219E-4E06-BA24-07CCD3506F50}.Debug|Any CPU.ActiveCfg = Debug|Any CPU
		{1BCC0B33-219E-4E06-BA24-07CCD3506F50}.Debug|Any CPU.Build.0 = Debug|Any CPU
		{1BCC0B33-219E-4E06-BA24-07CCD3506F50}.Release|Any CPU.ActiveCfg = Release|Any CPU
		{1BCC0B33-219E-4E06-BA24-07CCD3506F50}.Release|Any CPU.Build.0 = Release|Any CPU
		{BC78D435-3EF0-4B2C-A480-47E7B9B72CC5}.Debug|Any CPU.ActiveCfg = Debug|Any CPU
		{BC78D435-3EF0-4B2C-A480-47E7B9B72CC5}.Debug|Any CPU.Build.0 = Debug|Any CPU
		{BC78D435-3EF0-4B2C-A480-47E7B9B72CC5}.Release|Any CPU.ActiveCfg = Release|Any CPU
		{BC78D435-3EF0-4B2C-A480-47E7B9B72CC5}.Release|Any CPU.Build.0 = Release|Any CPU
		{65337E7A-5E77-4C03-8B6A-438B49EDAF1C}.Debug|Any CPU.ActiveCfg = Debug|Any CPU
		{65337E7A-5E77-4C03-8B6A-438B49EDAF1C}.Debug|Any CPU.Build.0 = Debug|Any CPU
		{65337E7A-5E77-4C03-8B6A-438B49EDAF1C}.Release|Any CPU.ActiveCfg = Release|Any CPU
		{65337E7A-5E77-4C03-8B6A-438B49EDAF1C}.Release|Any CPU.Build.0 = Release|Any CPU
		{B6B4C0BA-C273-458F-85CE-312518F21BEA}.Debug|Any CPU.ActiveCfg = Debug|Any CPU
		{B6B4C0BA-C273-458F-85CE-312518F21BEA}.Debug|Any CPU.Build.0 = Debug|Any CPU
		{B6B4C0BA-C273-458F-85CE-312518F21BEA}.Release|Any CPU.ActiveCfg = Release|Any CPU
		{B6B4C0BA-C273-458F-85CE-312518F21BEA}.Release|Any CPU.Build.0 = Release|Any CPU
		{18BBF3E2-98E5-4ABC-8EE4-F49201AC65D1}.Debug|Any CPU.ActiveCfg = Debug|Any CPU
		{18BBF3E2-98E5-4ABC-8EE4-F49201AC65D1}.Debug|Any CPU.Build.0 = Debug|Any CPU
		{18BBF3E2-98E5-4ABC-8EE4-F49201AC65D1}.Release|Any CPU.ActiveCfg = Release|Any CPU
		{18BBF3E2-98E5-4ABC-8EE4-F49201AC65D1}.Release|Any CPU.Build.0 = Release|Any CPU
		{50E60A12-EDAC-4CB2-8FFF-891556F14768}.Debug|Any CPU.ActiveCfg = Debug|Any CPU
		{50E60A12-EDAC-4CB2-8FFF-891556F14768}.Debug|Any CPU.Build.0 = Debug|Any CPU
		{50E60A12-EDAC-4CB2-8FFF-891556F14768}.Release|Any CPU.ActiveCfg = Release|Any CPU
		{50E60A12-EDAC-4CB2-8FFF-891556F14768}.Release|Any CPU.Build.0 = Release|Any CPU
		{88EDD470-1F57-4FE9-9A67-CFB1837E4814}.Debug|Any CPU.ActiveCfg = Debug|Any CPU
		{88EDD470-1F57-4FE9-9A67-CFB1837E4814}.Debug|Any CPU.Build.0 = Debug|Any CPU
		{88EDD470-1F57-4FE9-9A67-CFB1837E4814}.Release|Any CPU.ActiveCfg = Release|Any CPU
		{88EDD470-1F57-4FE9-9A67-CFB1837E4814}.Release|Any CPU.Build.0 = Release|Any CPU
		{5FA52C5B-44FD-432B-B3B1-AF9BCA30F276}.Debug|Any CPU.ActiveCfg = Debug|Any CPU
		{5FA52C5B-44FD-432B-B3B1-AF9BCA30F276}.Debug|Any CPU.Build.0 = Debug|Any CPU
		{5FA52C5B-44FD-432B-B3B1-AF9BCA30F276}.Release|Any CPU.ActiveCfg = Release|Any CPU
		{5FA52C5B-44FD-432B-B3B1-AF9BCA30F276}.Release|Any CPU.Build.0 = Release|Any CPU
		{DC061B80-3C58-46C3-B2F5-1AC99008ADC7}.Debug|Any CPU.ActiveCfg = Debug|Any CPU
		{DC061B80-3C58-46C3-B2F5-1AC99008ADC7}.Debug|Any CPU.Build.0 = Debug|Any CPU
		{DC061B80-3C58-46C3-B2F5-1AC99008ADC7}.Release|Any CPU.ActiveCfg = Release|Any CPU
		{DC061B80-3C58-46C3-B2F5-1AC99008ADC7}.Release|Any CPU.Build.0 = Release|Any CPU
	EndGlobalSection
	GlobalSection(SolutionProperties) = preSolution
		HideSolutionNode = FALSE
	EndGlobalSection
	GlobalSection(NestedProjects) = preSolution
		{024A8AC5-F89F-424B-8304-BF974AA6DE8B} = {CDEB26EA-03FC-4362-AF55-F41300430B6B}
		{6762AC6C-3407-4B95-9FEF-CB781BE6DF91} = {CDEB26EA-03FC-4362-AF55-F41300430B6B}
		{0BCB3164-5142-43D0-81E7-ACF01ED017B8} = {6762AC6C-3407-4B95-9FEF-CB781BE6DF91}
		{9444BCFC-0E58-4998-9A8C-AB6CF34784CC} = {024A8AC5-F89F-424B-8304-BF974AA6DE8B}
		{D6A75C7D-51A3-44BF-B517-122BF5B8994F} = {CDEB26EA-03FC-4362-AF55-F41300430B6B}
		{F675F239-3CC7-4165-AD6A-223538AE3E2D} = {024A8AC5-F89F-424B-8304-BF974AA6DE8B}
		{24B5A69A-1EC4-4C3F-9707-6F7B483440AF} = {6762AC6C-3407-4B95-9FEF-CB781BE6DF91}
		{9C71627A-2BF7-4241-9034-7186B0ACA44E} = {0BCB3164-5142-43D0-81E7-ACF01ED017B8}
		{C20643B0-19BD-4F3A-8A4E-2735167F2470} = {24B5A69A-1EC4-4C3F-9707-6F7B483440AF}
		{3A1FDD73-7BFD-4B28-8AC0-DD2317942D30} = {0BCB3164-5142-43D0-81E7-ACF01ED017B8}
		{DD7A6038-80C1-4614-8EA9-E88C16672028} = {0BCB3164-5142-43D0-81E7-ACF01ED017B8}
		{2503F0D1-1648-42ED-BC97-2CF8F12A9258} = {0BCB3164-5142-43D0-81E7-ACF01ED017B8}
		{A80C55E8-5661-453E-B4CB-1FF1B4DD0BA8} = {0BCB3164-5142-43D0-81E7-ACF01ED017B8}
		{936088AA-6144-49DD-A3D0-4C14B184C8CE} = {24B5A69A-1EC4-4C3F-9707-6F7B483440AF}
		{9C00FECC-038B-4698-B00D-3E584E8C45DA} = {C20643B0-19BD-4F3A-8A4E-2735167F2470}
		{FAB41D42-64D1-4771-AA2D-3F92B00B3DD8} = {C20643B0-19BD-4F3A-8A4E-2735167F2470}
		{59D854E1-8539-446C-967B-BA15F2F85BBE} = {24B5A69A-1EC4-4C3F-9707-6F7B483440AF}
		{1BCC0B33-219E-4E06-BA24-07CCD3506F50} = {59D854E1-8539-446C-967B-BA15F2F85BBE}
		{BC78D435-3EF0-4B2C-A480-47E7B9B72CC5} = {936088AA-6144-49DD-A3D0-4C14B184C8CE}
		{350DB7EB-E48C-447E-8410-2F467539E342} = {24B5A69A-1EC4-4C3F-9707-6F7B483440AF}
		{65337E7A-5E77-4C03-8B6A-438B49EDAF1C} = {350DB7EB-E48C-447E-8410-2F467539E342}
		{B6B4C0BA-C273-458F-85CE-312518F21BEA} = {0BCB3164-5142-43D0-81E7-ACF01ED017B8}
		{18BBF3E2-98E5-4ABC-8EE4-F49201AC65D1} = {350DB7EB-E48C-447E-8410-2F467539E342}
		{50E60A12-EDAC-4CB2-8FFF-891556F14768} = {C20643B0-19BD-4F3A-8A4E-2735167F2470}
		{88EDD470-1F57-4FE9-9A67-CFB1837E4814} = {350DB7EB-E48C-447E-8410-2F467539E342}
		{5FA52C5B-44FD-432B-B3B1-AF9BCA30F276} = {936088AA-6144-49DD-A3D0-4C14B184C8CE}
		{DC061B80-3C58-46C3-B2F5-1AC99008ADC7} = {C20643B0-19BD-4F3A-8A4E-2735167F2470}
	EndGlobalSection
	GlobalSection(ExtensibilityGlobals) = postSolution
		SolutionGuid = {52CF71A1-5F59-47E2-945B-2A46AD52E5ED}
	EndGlobalSection
EndGlobal
